
Microsoft Visual Studio Solution File, Format Version 12.00
# Visual Studio 15
VisualStudioVersion = 15.0.27004.2006
MinimumVisualStudioVersion = 10.0.40219.1
Project("{FAE04EC0-301F-11D3-BF4B-00C04F79EFBC}") = "JuicyNews", "JuicyNews\JuicyNews.csproj", "{7B539421-AC77-460F-B0A8-C9B8164DD736}"
EndProject
Project("{FAE04EC0-301F-11D3-BF4B-00C04F79EFBC}") = "DataAccess", "DataAccess\DataAccess.csproj", "{0901DBAD-5F7F-4493-AFE7-6B9A3B89C954}"
EndProject
Global
	GlobalSection(SolutionConfigurationPlatforms) = preSolution
		Debug|Any CPU = Debug|Any CPU
		Release|Any CPU = Release|Any CPU
	EndGlobalSection
	GlobalSection(ProjectConfigurationPlatforms) = postSolution
		{7B539421-AC77-460F-B0A8-C9B8164DD736}.Debug|Any CPU.ActiveCfg = Debug|Any CPU
		{7B539421-AC77-460F-B0A8-C9B8164DD736}.Debug|Any CPU.Build.0 = Debug|Any CPU
		{7B539421-AC77-460F-B0A8-C9B8164DD736}.Release|Any CPU.ActiveCfg = Release|Any CPU
		{7B539421-AC77-460F-B0A8-C9B8164DD736}.Release|Any CPU.Build.0 = Release|Any CPU
		{0901DBAD-5F7F-4493-AFE7-6B9A3B89C954}.Debug|Any CPU.ActiveCfg = Debug|Any CPU
		{0901DBAD-5F7F-4493-AFE7-6B9A3B89C954}.Debug|Any CPU.Build.0 = Debug|Any CPU
		{0901DBAD-5F7F-4493-AFE7-6B9A3B89C954}.Release|Any CPU.ActiveCfg = Release|Any CPU
		{0901DBAD-5F7F-4493-AFE7-6B9A3B89C954}.Release|Any CPU.Build.0 = Release|Any CPU
	EndGlobalSection
	GlobalSection(SolutionProperties) = preSolution
		HideSolutionNode = FALSE
	EndGlobalSection
	GlobalSection(ExtensibilityGlobals) = postSolution
		SolutionGuid = {617F2801-5EE4-4B96-9D92-934B1D855E15}
	EndGlobalSection
EndGlobal
